{
  "nodes": {
    "dekking": {
      "flake": false,
      "locked": {
        "lastModified": 1702048665,
        "narHash": "sha256-DHGLHBiZMNUaaVDVM979gKh2N5BqOssBIQTWGKfoPls=",
        "owner": "NorfairKing",
        "repo": "dekking",
        "rev": "e74091e032254c70740769996564d55ceac51278",
        "type": "github"
      },
      "original": {
        "owner": "NorfairKing",
        "repo": "dekking",
        "type": "github"
      }
    },
    "flake-compat": {
      "flake": false,
      "locked": {
        "lastModified": 1673956053,
        "narHash": "sha256-4gtG9iQuiKITOjNQQeQIpoIB6b16fm+504Ch3sNKLd8=",
        "owner": "edolstra",
        "repo": "flake-compat",
        "rev": "35bb57c0c8d8b62bbfd284272c928ceb64ddbde9",
        "type": "github"
      },
      "original": {
        "owner": "edolstra",
        "repo": "flake-compat",
        "type": "github"
      }
    },
    "flake-utils": {
      "inputs": {
        "systems": "systems"
      },
      "locked": {
        "lastModified": 1685518550,
        "narHash": "sha256-o2d0KcvaXzTrPRIo0kOLV0/QXHhDQ5DTi+OxcjO8xqY=",
        "owner": "numtide",
        "repo": "flake-utils",
        "rev": "a1720a10a6cfe8234c0e93907ffe81be440f4cef",
        "type": "github"
      },
      "original": {
        "owner": "numtide",
        "repo": "flake-utils",
        "type": "github"
      }
    },
    "gitignore": {
      "inputs": {
        "nixpkgs": [
          "pre-commit-hooks",
          "nixpkgs"
        ]
      },
      "locked": {
        "lastModified": 1660459072,
        "narHash": "sha256-8DFJjXG8zqoONA1vXtgeKXy68KdJL5UaXR8NtVMUbx8=",
        "owner": "hercules-ci",
        "repo": "gitignore.nix",
        "rev": "a20de23b925fd8264fd7fad6454652e142fd7f73",
        "type": "github"
      },
      "original": {
        "owner": "hercules-ci",
        "repo": "gitignore.nix",
        "type": "github"
      }
    },
    "nixpkgs": {
      "locked": {
        "lastModified": 1701952659,
        "narHash": "sha256-TJv2srXt6fYPUjxgLAL0cy4nuf1OZD4KuA1TrCiQqg0=",
        "owner": "NixOS",
        "repo": "nixpkgs",
        "rev": "b4372c4924d9182034066c823df76d6eaf1f4ec4",
        "type": "github"
      },
      "original": {
        "owner": "NixOS",
        "ref": "nixos-23.11",
        "repo": "nixpkgs",
        "type": "github"
      }
    },
    "nixpkgs-stable": {
      "locked": {
        "lastModified": 1685801374,
        "narHash": "sha256-otaSUoFEMM+LjBI1XL/xGB5ao6IwnZOXc47qhIgJe8U=",
        "owner": "NixOS",
        "repo": "nixpkgs",
        "rev": "c37ca420157f4abc31e26f436c1145f8951ff373",
        "type": "github"
      },
      "original": {
        "owner": "NixOS",
        "ref": "nixos-23.05",
        "repo": "nixpkgs",
        "type": "github"
      }
    },
    "nixpkgs_2": {
      "locked": {
        "lastModified": 1689261696,
        "narHash": "sha256-LzfUtFs9MQRvIoQ3MfgSuipBVMXslMPH/vZ+nM40LkA=",
        "owner": "NixOS",
        "repo": "nixpkgs",
        "rev": "df1eee2aa65052a18121ed4971081576b25d6b5c",
        "type": "github"
      },
      "original": {
        "owner": "NixOS",
        "ref": "nixpkgs-unstable",
        "repo": "nixpkgs",
        "type": "github"
      }
    },
    "pre-commit-hooks": {
      "inputs": {
        "flake-compat": "flake-compat",
        "flake-utils": "flake-utils",
        "gitignore": "gitignore",
        "nixpkgs": "nixpkgs_2",
        "nixpkgs-stable": "nixpkgs-stable"
      },
      "locked": {
        "lastModified": 1700922917,
        "narHash": "sha256-ej2fch/T584b5K9sk1UhmZF7W6wEfDHuoUYpFN8dtvM=",
        "owner": "cachix",
        "repo": "pre-commit-hooks.nix",
        "rev": "e5ee5c5f3844550c01d2131096c7271cec5e9b78",
        "type": "github"
      },
      "original": {
        "owner": "cachix",
        "repo": "pre-commit-hooks.nix",
        "type": "github"
      }
    },
    "root": {
      "inputs": {
        "dekking": "dekking",
        "nixpkgs": "nixpkgs",
        "pre-commit-hooks": "pre-commit-hooks",
        "weeder-nix": "weeder-nix"
      }
    },
    "systems": {
      "locked": {
        "lastModified": 1681028828,
        "narHash": "sha256-Vy1rq5AaRuLzOxct8nz4T6wlgyUR7zLU309k9mBC768=",
        "owner": "nix-systems",
        "repo": "default",
        "rev": "da67096a3b9bf56a91d16901293e51ba5b49a27e",
        "type": "github"
      },
      "original": {
        "owner": "nix-systems",
        "repo": "default",
        "type": "github"
      }
    },
    "weeder-nix": {
      "flake": false,
      "locked": {
        "lastModified": 1712652513,
        "narHash": "sha256-etbllbKKJNVHogT89VkgevuaSLa0SA24OGpSDKTrGX0=",
        "owner": "NorfairKing",
        "repo": "weeder-nix",
        "rev": "d49eebf716fd512d5e521bfed49c3281ca12dc1c",
        "type": "github"
      },
      "original": {
        "owner": "NorfairKing",
        "repo": "weeder-nix",
        "type": "github"
      }
    }
  },
  "root": "root",
  "version": 7
}
